<?xml version="1.0" encoding="UTF-8" standalone="yes" ?>
<CodeBlocks_project_file>
	<FileVersion major="1" minor="6" />
	<Project>
		<Option title="TankGameLessPhysics" />
		<Option pch_mode="2" />
		<Option compiler="gcc" />
		<Build>
			<Target title="Debug">
				<Option output="bin/Debug/TankGameLessPhysics" prefix_auto="1" extension_auto="1" />
				<Option object_output="obj/Debug/" />
				<Option type="1" />
				<Option compiler="gcc" />
				<Compiler>
					<Add option="-g" />
				</Compiler>
			</Target>
			<Target title="Release">
				<Option output="bin/Release/TankGameLessPhysics" prefix_auto="1" extension_auto="1" />
				<Option object_output="obj/Release/" />
				<Option type="1" />
				<Option compiler="gcc" />
				<Compiler>
					<Add option="-O2" />
				</Compiler>
				<Linker>
					<Add option="-s" />
				</Linker>
			</Target>
		</Build>
		<Compiler>
			<Add option="-std=c++11" />
			<Add option="-Wall" />
			<Add option="-g" />
		</Compiler>
		<Linker>
			<Add option="-lSDL2 -lSDL2_image -lSDL2_ttf -lSDL2_mixer -pthread" />
		</Linker>
		<Unit filename="Unused.txt" />
		<Unit filename="data/game/defaultcharacter.txt" />
		<Unit filename="data/game/map1.txt" />
		<Unit filename="data/game/settings.txt" />
		<Unit filename="data/game/tanks.txt" />
		<Unit filename="data/game/tanktemplates.txt" />
		<Unit filename="data/game/tanktemplatesblank.txt" />
		<Unit filename="data/game/weapons.txt" />
		<Unit filename="main.cpp" />
		<Extensions>
			<code_completion />
			<debugger />
		</Extensions>
	</Project>
</CodeBlocks_project_file>
